
Microsoft Visual Studio Solution File, Format Version 12.00
# Visual Studio Version 16
VisualStudioVersion = 16.0.31605.320
MinimumVisualStudioVersion = 10.0.40219.1
Project("{FAE04EC0-301F-11D3-BF4B-00C04F79EFBC}") = "To do list", "To do list\To do list.csproj", "{76A07687-22D1-4432-90CB-894E62B40E4A}"
EndProject
Global
	GlobalSection(SolutionConfigurationPlatforms) = preSolution
		Debug|Any CPU = Debug|Any CPU
		Release|Any CPU = Release|Any CPU
	EndGlobalSection
	GlobalSection(ProjectConfigurationPlatforms) = postSolution
		{76A07687-22D1-4432-90CB-894E62B40E4A}.Debug|Any CPU.ActiveCfg = Debug|Any CPU
		{76A07687-22D1-4432-90CB-894E62B40E4A}.Debug|Any CPU.Build.0 = Debug|Any CPU
		{76A07687-22D1-4432-90CB-894E62B40E4A}.Release|Any CPU.ActiveCfg = Release|Any CPU
		{76A07687-22D1-4432-90CB-894E62B40E4A}.Release|Any CPU.Build.0 = Release|Any CPU
	EndGlobalSection
	GlobalSection(SolutionProperties) = preSolution
		HideSolutionNode = FALSE
	EndGlobalSection
	GlobalSection(ExtensibilityGlobals) = postSolution
		SolutionGuid = {E7095DBC-7788-44B4-ACF9-A4C56C1AC804}
	EndGlobalSection
EndGlobal
